// !$*UTF8*$!
{
	archiveVersion = 1;
	classes = {
	};
	objectVersion = 55;
	objects = {

/* Begin PBXBuildFile section */
		9137F29B2886CB32002F95C0 /* AppDelegate.swift in Sources */ = {isa = PBXBuildFile; fileRef = 9137F29A2886CB32002F95C0 /* AppDelegate.swift */; };
		9137F29D2886CB32002F95C0 /* SceneDelegate.swift in Sources */ = {isa = PBXBuildFile; fileRef = 9137F29C2886CB32002F95C0 /* SceneDelegate.swift */; };
		9137F29F2886CB32002F95C0 /* ViewController.swift in Sources */ = {isa = PBXBuildFile; fileRef = 9137F29E2886CB32002F95C0 /* ViewController.swift */; };
		9137F2A22886CB32002F95C0 /* Main.storyboard in Resources */ = {isa = PBXBuildFile; fileRef = 9137F2A02886CB32002F95C0 /* Main.storyboard */; };
		9137F2A52886CB32002F95C0 /* _2hw.xcdatamodeld in Sources */ = {isa = PBXBuildFile; fileRef = 9137F2A32886CB32002F95C0 /* _2hw.xcdatamodeld */; };
		9137F2A72886CB34002F95C0 /* Assets.xcassets in Resources */ = {isa = PBXBuildFile; fileRef = 9137F2A62886CB34002F95C0 /* Assets.xcassets */; };
		9137F2AA2886CB34002F95C0 /* LaunchScreen.storyboard in Resources */ = {isa = PBXBuildFile; fileRef = 9137F2A82886CB34002F95C0 /* LaunchScreen.storyboard */; };
/* End PBXBuildFile section */

/* Begin PBXFileReference section */
		9137F2972886CB32002F95C0 /* 12hw.app */ = {isa = PBXFileReference; explicitFileType = wrapper.application; includeInIndex = 0; path = 12hw.app; sourceTree = BUILT_PRODUCTS_DIR; };
		9137F29A2886CB32002F95C0 /* AppDelegate.swift */ = {isa = PBXFileReference; lastKnownFileType = sourcecode.swift; path = AppDelegate.swift; sourceTree = "<group>"; };
		9137F29C2886CB32002F95C0 /* SceneDelegate.swift */ = {isa = PBXFileReference; lastKnownFileType = sourcecode.swift; path = SceneDelegate.swift; sourceTree = "<group>"; };
		9137F29E2886CB32002F95C0 /* ViewController.swift */ = {isa = PBXFileReference; lastKnownFileType = sourcecode.swift; path = ViewController.swift; sourceTree = "<group>"; };
		9137F2A12886CB32002F95C0 /* Base */ = {isa = PBXFileReference; lastKnownFileType = file.storyboard; name = Base; path = Base.lproj/Main.storyboard; sourceTree = "<group>"; };
		9137F2A42886CB32002F95C0 /* _2hw.xcdatamodel */ = {isa = PBXFileReference; lastKnownFileType = wrapper.xcdatamodel; path = _2hw.xcdatamodel; sourceTree = "<group>"; };
		9137F2A62886CB34002F95C0 /* Assets.xcassets */ = {isa = PBXFileReference; lastKnownFileType = folder.assetcatalog; path = Assets.xcassets; sourceTree = "<group>"; };
		9137F2A92886CB34002F95C0 /* Base */ = {isa = PBXFileReference; lastKnownFileType = file.storyboard; name = Base; path = Base.lproj/LaunchScreen.storyboard; sourceTree = "<group>"; };
		9137F2AB2886CB34002F95C0 /* Info.plist */ = {isa = PBXFileReference; lastKnownFileType = text.plist.xml; path = Info.plist; sourceTree = "<group>"; };
/* End PBXFileReference section */

/* Begin PBXFrameworksBuildPhase section */
		9137F2942886CB32002F95C0 /* Frameworks */ = {
			isa = PBXFrameworksBuildPhase;
			buildActionMask = 2147483647;
			files = (
			);
			runOnlyForDeploymentPostprocessing = 0;
		};
/* End PBXFrameworksBuildPhase section */

/* Begin PBXGroup section */
		9137F28E2886CB32002F95C0 = {
			isa = PBXGroup;
			children = (
				9137F2992886CB32002F95C0 /* 12hw */,
				9137F2982886CB32002F95C0 /* Products */,
			);
			sourceTree = "<group>";
		};
		9137F2982886CB32002F95C0 /* Products */ = {
			isa = PBXGroup;
			children = (
				9137F2972886CB32002F95C0 /* 12hw.app */,
			);
			name = Products;
			sourceTree = "<group>";
		};
		9137F2992886CB32002F95C0 /* 12hw */ = {
			isa = PBXGroup;
			children = (
				913AB3AC28881E4300997E54 /* Resources */,
				9137F2A62886CB34002F95C0 /* Assets.xcassets */,
				9137F2A32886CB32002F95C0 /* _2hw.xcdatamodeld */,
				913AB3A828881D4200997E54 /* Sources */,
			);
			path = 12hw;
			sourceTree = "<group>";
		};
		913AB3A728881D2200997E54 /* Storyboards */ = {
			isa = PBXGroup;
			children = (
				9137F2A02886CB32002F95C0 /* Main.storyboard */,
				9137F2A82886CB34002F95C0 /* LaunchScreen.storyboard */,
			);
			path = Storyboards;
			sourceTree = "<group>";
		};
		913AB3A828881D4200997E54 /* Sources */ = {
			isa = PBXGroup;
			children = (
				913AB3A928881D6B00997E54 /* App  */,
				913AB3AA28881D7F00997E54 /* Scenes */,
			);
			path = Sources;
			sourceTree = "<group>";
		};
		913AB3A928881D6B00997E54 /* App  */ = {
			isa = PBXGroup;
			children = (
				9137F29A2886CB32002F95C0 /* AppDelegate.swift */,
				9137F29C2886CB32002F95C0 /* SceneDelegate.swift */,
			);
			path = "App ";
			sourceTree = "<group>";
		};
		913AB3AA28881D7F00997E54 /* Scenes */ = {
			isa = PBXGroup;
			children = (
				9137F29E2886CB32002F95C0 /* ViewController.swift */,
			);
			path = Scenes;
			sourceTree = "<group>";
		};
		913AB3AB28881DBB00997E54 /* Configs */ = {
			isa = PBXGroup;
			children = (
				9137F2AB2886CB34002F95C0 /* Info.plist */,
			);
			path = Configs;
			sourceTree = "<group>";
		};
		913AB3AC28881E4300997E54 /* Resources */ = {
			isa = PBXGroup;
			children = (
				913AB3A728881D2200997E54 /* Storyboards */,
				913AB3AB28881DBB00997E54 /* Configs */,
			);
			path = Resources;
			sourceTree = "<group>";
		};
/* End PBXGroup section */

/* Begin PBXNativeTarget section */
		9137F2962886CB32002F95C0 /* 12hw */ = {
			isa = PBXNativeTarget;
			buildConfigurationList = 9137F2AE2886CB34002F95C0 /* Build configuration list for PBXNativeTarget "12hw" */;
			buildPhases = (
				9137F2932886CB32002F95C0 /* Sources */,
				9137F2942886CB32002F95C0 /* Frameworks */,
				9137F2952886CB32002F95C0 /* Resources */,
			);
			buildRules = (
			);
			dependencies = (
			);
			name = 12hw;
			productName = 12hw;
			productReference = 9137F2972886CB32002F95C0 /* 12hw.app */;
			productType = "com.apple.product-type.application";
		};
/* End PBXNativeTarget section */

/* Begin PBXProject section */
		9137F28F2886CB32002F95C0 /* Project object */ = {
			isa = PBXProject;
			attributes = {
				BuildIndependentTargetsInParallel = 1;
				LastSwiftUpdateCheck = 1340;
				LastUpgradeCheck = 1340;
				TargetAttributes = {
					9137F2962886CB32002F95C0 = {
						CreatedOnToolsVersion = 13.4.1;
					};
				};
			};
			buildConfigurationList = 9137F2922886CB32002F95C0 /* Build configuration list for PBXProject "12hw" */;
			compatibilityVersion = "Xcode 13.0";
			developmentRegion = en;
			hasScannedForEncodings = 0;
			knownRegions = (
				en,
				Base,
			);
			mainGroup = 9137F28E2886CB32002F95C0;
			productRefGroup = 9137F2982886CB32002F95C0 /* Products */;
			projectDirPath = "";
			projectRoot = "";
			targets = (
				9137F2962886CB32002F95C0 /* 12hw */,
			);
		};
/* End PBXProject section */

/* Begin PBXResourcesBuildPhase section */
		9137F2952886CB32002F95C0 /* Resources */ = {
			isa = PBXResourcesBuildPhase;
			buildActionMask = 2147483647;
			files = (
				9137F2AA2886CB34002F95C0 /* LaunchScreen.storyboard in Resources */,
				9137F2A72886CB34002F95C0 /* Assets.xcassets in Resources */,
				9137F2A22886CB32002F95C0 /* Main.storyboard in Resources */,
			);
			runOnlyForDeploymentPostprocessing = 0;
		};
/* End PBXResourcesBuildPhase section */

/* Begin PBXSourcesBuildPhase section */
		9137F2932886CB32002F95C0 /* Sources */ = {
			isa = PBXSourcesBuildPhase;
			buildActionMask = 2147483647;
			files = (
				9137F29F2886CB32002F95C0 /* ViewController.swift in Sources */,
				9137F2A52886CB32002F95C0 /* _2hw.xcdatamodeld in Sources */,
				9137F29B2886CB32002F95C0 /* AppDelegate.swift in Sources */,
				9137F29D2886CB32002F95C0 /* SceneDelegate.swift in Sources */,
			);
			runOnlyForDeploymentPostprocessing = 0;
		};
/* End PBXSourcesBuildPhase section */

/* Begin PBXVariantGroup section */
		9137F2A02886CB32002F95C0 /* Main.storyboard */ = {
			isa = PBXVariantGroup;
			children = (
				9137F2A12886CB32002F95C0 /* Base */,
			);
			name = Main.storyboard;
			sourceTree = "<group>";
		};
		9137F2A82886CB34002F95C0 /* LaunchScreen.storyboard */ = {
			isa = PBXVariantGroup;
			children = (
				9137F2A92886CB34002F95C0 /* Base */,
			);
			name = LaunchScreen.storyboard;
			sourceTree = "<group>";
		};
/* End PBXVariantGroup section */

/* Begin XCBuildConfiguration section */
		9137F2AC2886CB34002F95C0 /* Debug */ = {
			isa = XCBuildConfiguration;
			buildSettings = {
				ALWAYS_SEARCH_USER_PATHS = NO;
				CLANG_ANALYZER_NONNULL = YES;
				CLANG_ANALYZER_NUMBER_OBJECT_CONVERSION = YES_AGGRESSIVE;
				CLANG_CXX_LANGUAGE_STANDARD = "gnu++17";
				CLANG_ENABLE_MODULES = YES;
				CLANG_ENABLE_OBJC_ARC = YES;
				CLANG_ENABLE_OBJC_WEAK = YES;
				CLANG_WARN_BLOCK_CAPTURE_AUTORELEASING = YES;
				CLANG_WARN_BOOL_CONVERSION = YES;
				CLANG_WARN_COMMA = YES;
				CLANG_WARN_CONSTANT_CONVERSION = YES;
				CLANG_WARN_DEPRECATED_OBJC_IMPLEMENTATIONS = YES;
				CLANG_WARN_DIRECT_OBJC_ISA_USAGE = YES_ERROR;
				CLANG_WARN_DOCUMENTATION_COMMENTS = YES;
				CLANG_WARN_EMPTY_BODY = YES;
				CLANG_WARN_ENUM_CONVERSION = YES;
				CLANG_WARN_INFINITE_RECURSION = YES;
				CLANG_WARN_INT_CONVERSION = YES;
				CLANG_WARN_NON_LITERAL_NULL_CONVERSION = YES;
				CLANG_WARN_OBJC_IMPLICIT_RETAIN_SELF = YES;
				CLANG_WARN_OBJC_LITERAL_CONVERSION = YES;
				CLANG_WARN_OBJC_ROOT_CLASS = YES_ERROR;
				CLANG_WARN_QUOTED_INCLUDE_IN_FRAMEWORK_HEADER = YES;
				CLANG_WARN_RANGE_LOOP_ANALYSIS = YES;
				CLANG_WARN_STRICT_PROTOTYPES = YES;
				CLANG_WARN_SUSPICIOUS_MOVE = YES;
				CLANG_WARN_UNGUARDED_AVAILABILITY = YES_AGGRESSIVE;
				CLANG_WARN_UNREACHABLE_CODE = YES;
				CLANG_WARN__DUPLICATE_METHOD_MATCH = YES;
				COPY_PHASE_STRIP = NO;
				DEBUG_INFORMATION_FORMAT = dwarf;
				ENABLE_STRICT_OBJC_MSGSEND = YES;
				ENABLE_TESTABILITY = YES;
				GCC_C_LANGUAGE_STANDARD = gnu11;
				GCC_DYNAMIC_NO_PIC = NO;
				GCC_NO_COMMON_BLOCKS = YES;
				GCC_OPTIMIZATION_LEVEL = 0;
				GCC_PREPROCESSOR_DEFINITIONS = (
					"DEBUG=1",
					"$(inherited)",
				);
				GCC_WARN_64_TO_32_BIT_CONVERSION = YES;
				GCC_WARN_ABOUT_RETURN_TYPE = YES_ERROR;
				GCC_WARN_UNDECLARED_SELECTOR = YES;
				GCC_WARN_UNINITIALIZED_AUTOS = YES_AGGRESSIVE;
				GCC_WARN_UNUSED_FUNCTION = YES;
				GCC_WARN_UNUSED_VARIABLE = YES;
				IPHONEOS_DEPLOYMENT_TARGET = 15.5;
				MTL_ENABLE_DEBUG_INFO = INCLUDE_SOURCE;
				MTL_FAST_MATH = YES;
				ONLY_ACTIVE_ARCH = YES;
				SDKROOT = iphoneos;
				SWIFT_ACTIVE_COMPILATION_CONDITIONS = DEBUG;
				SWIFT_OPTIMIZATION_LEVEL = "-Onone";
			};
			name = Debug;
		};
		9137F2AD2886CB34002F95C0 /* Release */ = {
			isa = XCBuildConfiguration;
			buildSettings = {
				ALWAYS_SEARCH_USER_PATHS = NO;
				CLANG_ANALYZER_NONNULL = YES;
				CLANG_ANALYZER_NUMBER_OBJECT_CONVERSION = YES_AGGRESSIVE;
				CLANG_CXX_LANGUAGE_STANDARD = "gnu++17";
				CLANG_ENABLE_MODULES = YES;
				CLANG_ENABLE_OBJC_ARC = YES;
				CLANG_ENABLE_OBJC_WEAK = YES;
				CLANG_WARN_BLOCK_CAPTURE_AUTORELEASING = YES;
				CLANG_WARN_BOOL_CONVERSION = YES;
				CLANG_WARN_COMMA = YES;
				CLANG_WARN_CONSTANT_CONVERSION = YES;
				CLANG_WARN_DEPRECATED_OBJC_IMPLEMENTATIONS = YES;
				CLANG_WARN_DIRECT_OBJC_ISA_USAGE = YES_ERROR;
				CLANG_WARN_DOCUMENTATION_COMMENTS = YES;
				CLANG_WARN_EMPTY_BODY = YES;
				CLANG_WARN_ENUM_CONVERSION = YES;
				CLANG_WARN_INFINITE_RECURSION = YES;
				CLANG_WARN_INT_CONVERSION = YES;
				CLANG_WARN_NON_LITERAL_NULL_CONVERSION = YES;
				CLANG_WARN_OBJC_IMPLICIT_RETAIN_SELF = YES;
				CLANG_WARN_OBJC_LITERAL_CONVERSION = YES;
				CLANG_WARN_OBJC_ROOT_CLASS = YES_ERROR;
				CLANG_WARN_QUOTED_INCLUDE_IN_FRAMEWORK_HEADER = YES;
				CLANG_WARN_RANGE_LOOP_ANALYSIS = YES;
				CLANG_WARN_STRICT_PROTOTYPES = YES;
				CLANG_WARN_SUSPICIOUS_MOVE = YES;
				CLANG_WARN_UNGUARDED_AVAILABILITY = YES_AGGRESSIVE;
				CLANG_WARN_UNREACHABLE_CODE = YES;
				CLANG_WARN__DUPLICATE_METHOD_MATCH = YES;
				COPY_PHASE_STRIP = NO;
				DEBUG_INFORMATION_FORMAT = "dwarf-with-dsym";
				ENABLE_NS_ASSERTIONS = NO;
				ENABLE_STRICT_OBJC_MSGSEND = YES;
				GCC_C_LANGUAGE_STANDARD = gnu11;
				GCC_NO_COMMON_BLOCKS = YES;
				GCC_WARN_64_TO_32_BIT_CONVERSION = YES;
				GCC_WARN_ABOUT_RETURN_TYPE = YES_ERROR;
				GCC_WARN_UNDECLARED_SELECTOR = YES;
				GCC_WARN_UNINITIALIZED_AUTOS = YES_AGGRESSIVE;
				GCC_WARN_UNUSED_FUNCTION = YES;
				GCC_WARN_UNUSED_VARIABLE = YES;
				IPHONEOS_DEPLOYMENT_TARGET = 15.5;
				MTL_ENABLE_DEBUG_INFO = NO;
				MTL_FAST_MATH = YES;
				SDKROOT = iphoneos;
				SWIFT_COMPILATION_MODE = wholemodule;
				SWIFT_OPTIMIZATION_LEVEL = "-O";
				VALIDATE_PRODUCT = YES;
			};
			name = Release;
		};
		9137F2AF2886CB34002F95C0 /* Debug */ = {
			isa = XCBuildConfiguration;
			buildSettings = {
				ASSETCATALOG_COMPILER_APPICON_NAME = AppIcon;
				ASSETCATALOG_COMPILER_GLOBAL_ACCENT_COLOR_NAME = AccentColor;
				CODE_SIGN_STYLE = Automatic;
				CURRENT_PROJECT_VERSION = 1;
				GENERATE_INFOPLIST_FILE = YES;
				INFOPLIST_FILE = 12hw/Resources/Configs/Info.plist;
				INFOPLIST_KEY_UIApplicationSupportsIndirectInputEvents = YES;
				INFOPLIST_KEY_UILaunchStoryboardName = LaunchScreen;
				INFOPLIST_KEY_UIMainStoryboardFile = Main;
				INFOPLIST_KEY_UISupportedInterfaceOrientations_iPad = "UIInterfaceOrientationPortrait UIInterfaceOrientationPortraitUpsideDown UIInterfaceOrientationLandscapeLeft UIInterfaceOrientationLandscapeRight";
				INFOPLIST_KEY_UISupportedInterfaceOrientations_iPhone = "UIInterfaceOrientationPortrait UIInterfaceOrientationLandscapeLeft UIInterfaceOrientationLandscapeRight";
				LD_RUNPATH_SEARCH_PATHS = (
					"$(inherited)",
					"@executable_path/Frameworks",
				);
				MARKETING_VERSION = 1.0;
				PRODUCT_BUNDLE_IDENTIFIER = "nk.com.-2hw";
				PRODUCT_NAME = "$(TARGET_NAME)";
				SWIFT_EMIT_LOC_STRINGS = YES;
				SWIFT_VERSION = 5.0;
				TARGETED_DEVICE_FAMILY = "1,2";
			};
			name = Debug;
		};
		9137F2B02886CB34002F95C0 /* Release */ = {
			isa = XCBuildConfiguration;
			buildSettings = {
				ASSETCATALOG_COMPILER_APPICON_NAME = AppIcon;
				ASSETCATALOG_COMPILER_GLOBAL_ACCENT_COLOR_NAME = AccentColor;
				CODE_SIGN_STYLE = Automatic;
				CURRENT_PROJECT_VERSION = 1;
				GENERATE_INFOPLIST_FILE = YES;
				INFOPLIST_FILE = 12hw/Resources/Configs/Info.plist;
				INFOPLIST_KEY_UIApplicationSupportsIndirectInputEvents = YES;
				INFOPLIST_KEY_UILaunchStoryboardName = LaunchScreen;
				INFOPLIST_KEY_UIMainStoryboardFile = Main;
				INFOPLIST_KEY_UISupportedInterfaceOrientations_iPad = "UIInterfaceOrientationPortrait UIInterfaceOrientationPortraitUpsideDown UIInterfaceOrientationLandscapeLeft UIInterfaceOrientationLandscapeRight";
				INFOPLIST_KEY_UISupportedInterfaceOrientations_iPhone = "UIInterfaceOrientationPortrait UIInterfaceOrientationLandscapeLeft UIInterfaceOrientationLandscapeRight";
				LD_RUNPATH_SEARCH_PATHS = (
					"$(inherited)",
					"@executable_path/Frameworks",
				);
				MARKETING_VERSION = 1.0;
				PRODUCT_BUNDLE_IDENTIFIER = "nk.com.-2hw";
				PRODUCT_NAME = "$(TARGET_NAME)";
				SWIFT_EMIT_LOC_STRINGS = YES;
				SWIFT_VERSION = 5.0;
				TARGETED_DEVICE_FAMILY = "1,2";
			};
			name = Release;
		};
/* End XCBuildConfiguration section */

/* Begin XCConfigurationList section */
		9137F2922886CB32002F95C0 /* Build configuration list for PBXProject "12hw" */ = {
			isa = XCConfigurationList;
			buildConfigurations = (
				9137F2AC2886CB34002F95C0 /* Debug */,
				9137F2AD2886CB34002F95C0 /* Release */,
			);
			defaultConfigurationIsVisible = 0;
			defaultConfigurationName = Release;
		};
		9137F2AE2886CB34002F95C0 /* Build configuration list for PBXNativeTarget "12hw" */ = {
			isa = XCConfigurationList;
			buildConfigurations = (
				9137F2AF2886CB34002F95C0 /* Debug */,
				9137F2B02886CB34002F95C0 /* Release */,
			);
			defaultConfigurationIsVisible = 0;
			defaultConfigurationName = Release;
		};
/* End XCConfigurationList section */

/* Begin XCVersionGroup section */
		9137F2A32886CB32002F95C0 /* _2hw.xcdatamodeld */ = {
			isa = XCVersionGroup;
			children = (
				9137F2A42886CB32002F95C0 /* _2hw.xcdatamodel */,
			);
			currentVersion = 9137F2A42886CB32002F95C0 /* _2hw.xcdatamodel */;
			path = _2hw.xcdatamodeld;
			sourceTree = "<group>";
			versionGroupType = wrapper.xcdatamodel;
		};
/* End XCVersionGroup section */
	};
	rootObject = 9137F28F2886CB32002F95C0 /* Project object */;
}
